// !$*UTF8*$!
{
	archiveVersion = 1;
	classes = {
	};
	objectVersion = 46;
	objects = {

/* Begin PBXBuildFile section */
		910619021AF3CED3001476CA /* main.m in Sources */ = {isa = PBXBuildFile; fileRef = 910619011AF3CED3001476CA /* main.m */; };
		910619051AF3CED3001476CA /* AppDelegate.m in Sources */ = {isa = PBXBuildFile; fileRef = 910619041AF3CED3001476CA /* AppDelegate.m */; };
		910619081AF3CED3001476CA /* ViewController.m in Sources */ = {isa = PBXBuildFile; fileRef = 910619071AF3CED3001476CA /* ViewController.m */; };
		9106190B1AF3CED4001476CA /* Main.storyboard in Resources */ = {isa = PBXBuildFile; fileRef = 910619091AF3CED3001476CA /* Main.storyboard */; };
		9106190D1AF3CED4001476CA /* Images.xcassets in Resources */ = {isa = PBXBuildFile; fileRef = 9106190C1AF3CED4001476CA /* Images.xcassets */; };
		910619101AF3CED4001476CA /* LaunchScreen.xib in Resources */ = {isa = PBXBuildFile; fileRef = 9106190E1AF3CED4001476CA /* LaunchScreen.xib */; };
		9106191C1AF3CED4001476CA /* CongressiveTests.m in Sources */ = {isa = PBXBuildFile; fileRef = 9106191B1AF3CED4001476CA /* CongressiveTests.m */; };
/* End PBXBuildFile section */

/* Begin PBXContainerItemProxy section */
		910619161AF3CED4001476CA /* PBXContainerItemProxy */ = {
			isa = PBXContainerItemProxy;
			containerPortal = 910618F41AF3CED3001476CA /* Project object */;
			proxyType = 1;
			remoteGlobalIDString = 910618FB1AF3CED3001476CA;
			remoteInfo = Congressive;
		};
/* End PBXContainerItemProxy section */

/* Begin PBXFileReference section */
		910618FC1AF3CED3001476CA /* Congressive.app */ = {isa = PBXFileReference; explicitFileType = wrapper.application; includeInIndex = 0; path = Congressive.app; sourceTree = BUILT_PRODUCTS_DIR; };
		910619001AF3CED3001476CA /* Info.plist */ = {isa = PBXFileReference; lastKnownFileType = text.plist.xml; path = Info.plist; sourceTree = "<group>"; };
		910619011AF3CED3001476CA /* main.m */ = {isa = PBXFileReference; lastKnownFileType = sourcecode.c.objc; path = main.m; sourceTree = "<group>"; };
		910619031AF3CED3001476CA /* AppDelegate.h */ = {isa = PBXFileReference; lastKnownFileType = sourcecode.c.h; path = AppDelegate.h; sourceTree = "<group>"; };
		910619041AF3CED3001476CA /* AppDelegate.m */ = {isa = PBXFileReference; lastKnownFileType = sourcecode.c.objc; path = AppDelegate.m; sourceTree = "<group>"; };
		910619061AF3CED3001476CA /* ViewController.h */ = {isa = PBXFileReference; lastKnownFileType = sourcecode.c.h; path = ViewController.h; sourceTree = "<group>"; };
		910619071AF3CED3001476CA /* ViewController.m */ = {isa = PBXFileReference; lastKnownFileType = sourcecode.c.objc; path = ViewController.m; sourceTree = "<group>"; };
		9106190A1AF3CED3001476CA /* Base */ = {isa = PBXFileReference; lastKnownFileType = file.storyboard; name = Base; path = Base.lproj/Main.storyboard; sourceTree = "<group>"; };
		9106190C1AF3CED4001476CA /* Images.xcassets */ = {isa = PBXFileReference; lastKnownFileType = folder.assetcatalog; path = Images.xcassets; sourceTree = "<group>"; };
		9106190F1AF3CED4001476CA /* Base */ = {isa = PBXFileReference; lastKnownFileType = file.xib; name = Base; path = Base.lproj/LaunchScreen.xib; sourceTree = "<group>"; };
		910619151AF3CED4001476CA /* CongressiveTests.xctest */ = {isa = PBXFileReference; explicitFileType = wrapper.cfbundle; includeInIndex = 0; path = CongressiveTests.xctest; sourceTree = BUILT_PRODUCTS_DIR; };
		9106191A1AF3CED4001476CA /* Info.plist */ = {isa = PBXFileReference; lastKnownFileType = text.plist.xml; path = Info.plist; sourceTree = "<group>"; };
		9106191B1AF3CED4001476CA /* CongressiveTests.m */ = {isa = PBXFileReference; lastKnownFileType = sourcecode.c.objc; path = CongressiveTests.m; sourceTree = "<group>"; };
/* End PBXFileReference section */

/* Begin PBXFrameworksBuildPhase section */
		910618F91AF3CED3001476CA /* Frameworks */ = {
			isa = PBXFrameworksBuildPhase;
			buildActionMask = 2147483647;
			files = (
			);
			runOnlyForDeploymentPostprocessing = 0;
		};
		910619121AF3CED4001476CA /* Frameworks */ = {
			isa = PBXFrameworksBuildPhase;
			buildActionMask = 2147483647;
			files = (
			);
			runOnlyForDeploymentPostprocessing = 0;
		};
/* End PBXFrameworksBuildPhase section */

/* Begin PBXGroup section */
		910618F31AF3CED3001476CA = {
			isa = PBXGroup;
			children = (
				910618FE1AF3CED3001476CA /* Congressive */,
				910619181AF3CED4001476CA /* CongressiveTests */,
				910618FD1AF3CED3001476CA /* Products */,
			);
			sourceTree = "<group>";
		};
		910618FD1AF3CED3001476CA /* Products */ = {
			isa = PBXGroup;
			children = (
				910618FC1AF3CED3001476CA /* Congressive.app */,
				910619151AF3CED4001476CA /* CongressiveTests.xctest */,
			);
			name = Products;
			sourceTree = "<group>";
		};
		910618FE1AF3CED3001476CA /* Congressive */ = {
			isa = PBXGroup;
			children = (
				910619031AF3CED3001476CA /* AppDelegate.h */,
				910619041AF3CED3001476CA /* AppDelegate.m */,
				910619061AF3CED3001476CA /* ViewController.h */,
				910619071AF3CED3001476CA /* ViewController.m */,
				910619091AF3CED3001476CA /* Main.storyboard */,
				9106190C1AF3CED4001476CA /* Images.xcassets */,
				9106190E1AF3CED4001476CA /* LaunchScreen.xib */,
				910618FF1AF3CED3001476CA /* Supporting Files */,
			);
			path = Congressive;
			sourceTree = "<group>";
		};
		910618FF1AF3CED3001476CA /* Supporting Files */ = {
			isa = PBXGroup;
			children = (
				910619001AF3CED3001476CA /* Info.plist */,
				910619011AF3CED3001476CA /* main.m */,
			);
			name = "Supporting Files";
			sourceTree = "<group>";
		};
		910619181AF3CED4001476CA /* CongressiveTests */ = {
			isa = PBXGroup;
			children = (
				9106191B1AF3CED4001476CA /* CongressiveTests.m */,
				910619191AF3CED4001476CA /* Supporting Files */,
			);
			path = CongressiveTests;
			sourceTree = "<group>";
		};
		910619191AF3CED4001476CA /* Supporting Files */ = {
			isa = PBXGroup;
			children = (
				9106191A1AF3CED4001476CA /* Info.plist */,
			);
			name = "Supporting Files";
			sourceTree = "<group>";
		};
/* End PBXGroup section */

/* Begin PBXNativeTarget section */
		910618FB1AF3CED3001476CA /* Congressive */ = {
			isa = PBXNativeTarget;
			buildConfigurationList = 9106191F1AF3CED4001476CA /* Build configuration list for PBXNativeTarget "Congressive" */;
			buildPhases = (
				910618F81AF3CED3001476CA /* Sources */,
				910618F91AF3CED3001476CA /* Frameworks */,
				910618FA1AF3CED3001476CA /* Resources */,
			);
			buildRules = (
			);
			dependencies = (
			);
			name = Congressive;
			productName = Congressive;
			productReference = 910618FC1AF3CED3001476CA /* Congressive.app */;
			productType = "com.apple.product-type.application";
		};
		910619141AF3CED4001476CA /* CongressiveTests */ = {
			isa = PBXNativeTarget;
			buildConfigurationList = 910619221AF3CED4001476CA /* Build configuration list for PBXNativeTarget "CongressiveTests" */;
			buildPhases = (
				910619111AF3CED4001476CA /* Sources */,
				910619121AF3CED4001476CA /* Frameworks */,
				910619131AF3CED4001476CA /* Resources */,
			);
			buildRules = (
			);
			dependencies = (
				910619171AF3CED4001476CA /* PBXTargetDependency */,
			);
			name = CongressiveTests;
			productName = CongressiveTests;
			productReference = 910619151AF3CED4001476CA /* CongressiveTests.xctest */;
			productType = "com.apple.product-type.bundle.unit-test";
		};
/* End PBXNativeTarget section */

/* Begin PBXProject section */
		910618F41AF3CED3001476CA /* Project object */ = {
			isa = PBXProject;
			attributes = {
				LastUpgradeCheck = 0630;
				ORGANIZATIONNAME = "Jessie Serrino";
				TargetAttributes = {
					910618FB1AF3CED3001476CA = {
						CreatedOnToolsVersion = 6.3;
					};
					910619141AF3CED4001476CA = {
						CreatedOnToolsVersion = 6.3;
						TestTargetID = 910618FB1AF3CED3001476CA;
					};
				};
			};
			buildConfigurationList = 910618F71AF3CED3001476CA /* Build configuration list for PBXProject "Congressive" */;
			compatibilityVersion = "Xcode 3.2";
			developmentRegion = English;
			hasScannedForEncodings = 0;
			knownRegions = (
				en,
				Base,
			);
			mainGroup = 910618F31AF3CED3001476CA;
			productRefGroup = 910618FD1AF3CED3001476CA /* Products */;
			projectDirPath = "";
			projectRoot = "";
			targets = (
				910618FB1AF3CED3001476CA /* Congressive */,
				910619141AF3CED4001476CA /* CongressiveTests */,
			);
		};
/* End PBXProject section */

/* Begin PBXResourcesBuildPhase section */
		910618FA1AF3CED3001476CA /* Resources */ = {
			isa = PBXResourcesBuildPhase;
			buildActionMask = 2147483647;
			files = (
				9106190B1AF3CED4001476CA /* Main.storyboard in Resources */,
				910619101AF3CED4001476CA /* LaunchScreen.xib in Resources */,
				9106190D1AF3CED4001476CA /* Images.xcassets in Resources */,
			);
			runOnlyForDeploymentPostprocessing = 0;
		};
		910619131AF3CED4001476CA /* Resources */ = {
			isa = PBXResourcesBuildPhase;
			buildActionMask = 2147483647;
			files = (
			);
			runOnlyForDeploymentPostprocessing = 0;
		};
/* End PBXResourcesBuildPhase section */

/* Begin PBXSourcesBuildPhase section */
		910618F81AF3CED3001476CA /* Sources */ = {
			isa = PBXSourcesBuildPhase;
			buildActionMask = 2147483647;
			files = (
				910619081AF3CED3001476CA /* ViewController.m in Sources */,
				910619051AF3CED3001476CA /* AppDelegate.m in Sources */,
				910619021AF3CED3001476CA /* main.m in Sources */,
			);
			runOnlyForDeploymentPostprocessing = 0;
		};
		910619111AF3CED4001476CA /* Sources */ = {
			isa = PBXSourcesBuildPhase;
			buildActionMask = 2147483647;
			files = (
				9106191C1AF3CED4001476CA /* CongressiveTests.m in Sources */,
			);
			runOnlyForDeploymentPostprocessing = 0;
		};
/* End PBXSourcesBuildPhase section */

/* Begin PBXTargetDependency section */
		910619171AF3CED4001476CA /* PBXTargetDependency */ = {
			isa = PBXTargetDependency;
			target = 910618FB1AF3CED3001476CA /* Congressive */;
			targetProxy = 910619161AF3CED4001476CA /* PBXContainerItemProxy */;
		};
/* End PBXTargetDependency section */

/* Begin PBXVariantGroup section */
		910619091AF3CED3001476CA /* Main.storyboard */ = {
			isa = PBXVariantGroup;
			children = (
				9106190A1AF3CED3001476CA /* Base */,
			);
			name = Main.storyboard;
			sourceTree = "<group>";
		};
		9106190E1AF3CED4001476CA /* LaunchScreen.xib */ = {
			isa = PBXVariantGroup;
			children = (
				9106190F1AF3CED4001476CA /* Base */,
			);
			name = LaunchScreen.xib;
			sourceTree = "<group>";
		};
/* End PBXVariantGroup section */

/* Begin XCBuildConfiguration section */
		9106191D1AF3CED4001476CA /* Debug */ = {
			isa = XCBuildConfiguration;
			buildSettings = {
				ALWAYS_SEARCH_USER_PATHS = NO;
				CLANG_CXX_LANGUAGE_STANDARD = "gnu++0x";
				CLANG_CXX_LIBRARY = "libc++";
				CLANG_ENABLE_MODULES = YES;
				CLANG_ENABLE_OBJC_ARC = YES;
				CLANG_WARN_BOOL_CONVERSION = YES;
				CLANG_WARN_CONSTANT_CONVERSION = YES;
				CLANG_WARN_DIRECT_OBJC_ISA_USAGE = YES_ERROR;
				CLANG_WARN_EMPTY_BODY = YES;
				CLANG_WARN_ENUM_CONVERSION = YES;
				CLANG_WARN_INT_CONVERSION = YES;
				CLANG_WARN_OBJC_ROOT_CLASS = YES_ERROR;
				CLANG_WARN_UNREACHABLE_CODE = YES;
				CLANG_WARN__DUPLICATE_METHOD_MATCH = YES;
				"CODE_SIGN_IDENTITY[sdk=iphoneos*]" = "iPhone Developer";
				COPY_PHASE_STRIP = NO;
				DEBUG_INFORMATION_FORMAT = "dwarf-with-dsym";
				ENABLE_STRICT_OBJC_MSGSEND = YES;
				GCC_C_LANGUAGE_STANDARD = gnu99;
				GCC_DYNAMIC_NO_PIC = NO;
				GCC_NO_COMMON_BLOCKS = YES;
				GCC_OPTIMIZATION_LEVEL = 0;
				GCC_PREPROCESSOR_DEFINITIONS = (
					"DEBUG=1",
					"$(inherited)",
				);
				GCC_SYMBOLS_PRIVATE_EXTERN = NO;
				GCC_WARN_64_TO_32_BIT_CONVERSION = YES;
				GCC_WARN_ABOUT_RETURN_TYPE = YES_ERROR;
				GCC_WARN_UNDECLARED_SELECTOR = YES;
				GCC_WARN_UNINITIALIZED_AUTOS = YES_AGGRESSIVE;
				GCC_WARN_UNUSED_FUNCTION = YES;
				GCC_WARN_UNUSED_VARIABLE = YES;
				IPHONEOS_DEPLOYMENT_TARGET = 8.3;
				MTL_ENABLE_DEBUG_INFO = YES;
				ONLY_ACTIVE_ARCH = YES;
				SDKROOT = iphoneos;
			};
			name = Debug;
		};
		9106191E1AF3CED4001476CA /* Release */ = {
			isa = XCBuildConfiguration;
			buildSettings = {
				ALWAYS_SEARCH_USER_PATHS = NO;
				CLANG_CXX_LANGUAGE_STANDARD = "gnu++0x";
				CLANG_CXX_LIBRARY = "libc++";
				CLANG_ENABLE_MODULES = YES;
				CLANG_ENABLE_OBJC_ARC = YES;
				CLANG_WARN_BOOL_CONVERSION = YES;
				CLANG_WARN_CONSTANT_CONVERSION = YES;
				CLANG_WARN_DIRECT_OBJC_ISA_USAGE = YES_ERROR;
				CLANG_WARN_EMPTY_BODY = YES;
				CLANG_WARN_ENUM_CONVERSION = YES;
				CLANG_WARN_INT_CONVERSION = YES;
				CLANG_WARN_OBJC_ROOT_CLASS = YES_ERROR;
				CLANG_WARN_UNREACHABLE_CODE = YES;
				CLANG_WARN__DUPLICATE_METHOD_MATCH = YES;
				"CODE_SIGN_IDENTITY[sdk=iphoneos*]" = "iPhone Developer";
				COPY_PHASE_STRIP = NO;
				DEBUG_INFORMATION_FORMAT = "dwarf-with-dsym";
				ENABLE_NS_ASSERTIONS = NO;
				ENABLE_STRICT_OBJC_MSGSEND = YES;
				GCC_C_LANGUAGE_STANDARD = gnu99;
				GCC_NO_COMMON_BLOCKS = YES;
				GCC_WARN_64_TO_32_BIT_CONVERSION = YES;
				GCC_WARN_ABOUT_RETURN_TYPE = YES_ERROR;
				GCC_WARN_UNDECLARED_SELECTOR = YES;
				GCC_WARN_UNINITIALIZED_AUTOS = YES_AGGRESSIVE;
				GCC_WARN_UNUSED_FUNCTION = YES;
				GCC_WARN_UNUSED_VARIABLE = YES;
				IPHONEOS_DEPLOYMENT_TARGET = 8.3;
				MTL_ENABLE_DEBUG_INFO = NO;
				SDKROOT = iphoneos;
				VALIDATE_PRODUCT = YES;
			};
			name = Release;
		};
		910619201AF3CED4001476CA /* Debug */ = {
			isa = XCBuildConfiguration;
			buildSettings = {
				ASSETCATALOG_COMPILER_APPICON_NAME = AppIcon;
				INFOPLIST_FILE = Congressive/Info.plist;
				LD_RUNPATH_SEARCH_PATHS = "$(inherited) @executable_path/Frameworks";
				PRODUCT_NAME = "$(TARGET_NAME)";
			};
			name = Debug;
		};
		910619211AF3CED4001476CA /* Release */ = {
			isa = XCBuildConfiguration;
			buildSettings = {
				ASSETCATALOG_COMPILER_APPICON_NAME = AppIcon;
				INFOPLIST_FILE = Congressive/Info.plist;
				LD_RUNPATH_SEARCH_PATHS = "$(inherited) @executable_path/Frameworks";
				PRODUCT_NAME = "$(TARGET_NAME)";
			};
			name = Release;
		};
		910619231AF3CED4001476CA /* Debug */ = {
			isa = XCBuildConfiguration;
			buildSettings = {
				BUNDLE_LOADER = "$(TEST_HOST)";
				FRAMEWORK_SEARCH_PATHS = (
					"$(SDKROOT)/Developer/Library/Frameworks",
					"$(inherited)",
				);
				GCC_PREPROCESSOR_DEFINITIONS = (
					"DEBUG=1",
					"$(inherited)",
				);
				INFOPLIST_FILE = CongressiveTests/Info.plist;
				LD_RUNPATH_SEARCH_PATHS = "$(inherited) @executable_path/Frameworks @loader_path/Frameworks";
				PRODUCT_NAME = "$(TARGET_NAME)";
				TEST_HOST = "$(BUILT_PRODUCTS_DIR)/Congressive.app/Congressive";
			};
			name = Debug;
		};
		910619241AF3CED4001476CA /* Release */ = {
			isa = XCBuildConfiguration;
			buildSettings = {
				BUNDLE_LOADER = "$(TEST_HOST)";
				FRAMEWORK_SEARCH_PATHS = (
					"$(SDKROOT)/Developer/Library/Frameworks",
					"$(inherited)",
				);
				INFOPLIST_FILE = CongressiveTests/Info.plist;
				LD_RUNPATH_SEARCH_PATHS = "$(inherited) @executable_path/Frameworks @loader_path/Frameworks";
				PRODUCT_NAME = "$(TARGET_NAME)";
				TEST_HOST = "$(BUILT_PRODUCTS_DIR)/Congressive.app/Congressive";
			};
			name = Release;
		};
/* End XCBuildConfiguration section */

/* Begin XCConfigurationList section */
		910618F71AF3CED3001476CA /* Build configuration list for PBXProject "Congressive" */ = {
			isa = XCConfigurationList;
			buildConfigurations = (
				9106191D1AF3CED4001476CA /* Debug */,
				9106191E1AF3CED4001476CA /* Release */,
			);
			defaultConfigurationIsVisible = 0;
			defaultConfigurationName = Release;
		};
		9106191F1AF3CED4001476CA /* Build configuration list for PBXNativeTarget "Congressive" */ = {
			isa = XCConfigurationList;
			buildConfigurations = (
				910619201AF3CED4001476CA /* Debug */,
				910619211AF3CED4001476CA /* Release */,
			);
			defaultConfigurationIsVisible = 0;
		};
		910619221AF3CED4001476CA /* Build configuration list for PBXNativeTarget "CongressiveTests" */ = {
			isa = XCConfigurationList;
			buildConfigurations = (
				910619231AF3CED4001476CA /* Debug */,
				910619241AF3CED4001476CA /* Release */,
			);
			defaultConfigurationIsVisible = 0;
		};
/* End XCConfigurationList section */
	};
	rootObject = 910618F41AF3CED3001476CA /* Project object */;
}
